
Microsoft Visual Studio Solution File, Format Version 12.00
# Visual Studio Version 17
VisualStudioVersion = 17.3.32922.545
MinimumVisualStudioVersion = 10.0.40219.1
Project("{FAE04EC0-301F-11D3-BF4B-00C04F79EFBC}") = "EFcore testing", "EFcore testing\EFcore testing.csproj", "{4BA6B9CE-86F4-49FD-92D2-DCF1DC54769A}"
EndProject
Global
	GlobalSection(SolutionConfigurationPlatforms) = preSolution
		Debug|Any CPU = Debug|Any CPU
		Release|Any CPU = Release|Any CPU
	EndGlobalSection
	GlobalSection(ProjectConfigurationPlatforms) = postSolution
		{4BA6B9CE-86F4-49FD-92D2-DCF1DC54769A}.Debug|Any CPU.ActiveCfg = Debug|Any CPU
		{4BA6B9CE-86F4-49FD-92D2-DCF1DC54769A}.Debug|Any CPU.Build.0 = Debug|Any CPU
		{4BA6B9CE-86F4-49FD-92D2-DCF1DC54769A}.Release|Any CPU.ActiveCfg = Release|Any CPU
		{4BA6B9CE-86F4-49FD-92D2-DCF1DC54769A}.Release|Any CPU.Build.0 = Release|Any CPU
	EndGlobalSection
	GlobalSection(SolutionProperties) = preSolution
		HideSolutionNode = FALSE
	EndGlobalSection
	GlobalSection(ExtensibilityGlobals) = postSolution
		SolutionGuid = {B0D86295-C343-4F7B-9F76-4E7AA638A4A7}
	EndGlobalSection
EndGlobal
